
Microsoft Visual Studio Solution File, Format Version 12.00
# Visual Studio Version 16
VisualStudioVersion = 16.0.29209.62
MinimumVisualStudioVersion = 10.0.40219.1
Project("{FAE04EC0-301F-11D3-BF4B-00C04F79EFBC}") = "Guia12", "Guia12.csproj", "{AC28E467-01A8-4306-BBD7-70CBBAC67C4F}"
EndProject
Global
	GlobalSection(SolutionConfigurationPlatforms) = preSolution
		Debug|Any CPU = Debug|Any CPU
		Release|Any CPU = Release|Any CPU
	EndGlobalSection
	GlobalSection(ProjectConfigurationPlatforms) = postSolution
		{AC28E467-01A8-4306-BBD7-70CBBAC67C4F}.Debug|Any CPU.ActiveCfg = Debug|Any CPU
		{AC28E467-01A8-4306-BBD7-70CBBAC67C4F}.Debug|Any CPU.Build.0 = Debug|Any CPU
		{AC28E467-01A8-4306-BBD7-70CBBAC67C4F}.Release|Any CPU.ActiveCfg = Release|Any CPU
		{AC28E467-01A8-4306-BBD7-70CBBAC67C4F}.Release|Any CPU.Build.0 = Release|Any CPU
	EndGlobalSection
	GlobalSection(SolutionProperties) = preSolution
		HideSolutionNode = FALSE
	EndGlobalSection
	GlobalSection(ExtensibilityGlobals) = postSolution
		SolutionGuid = {374D61A3-C7E2-45F0-A401-AE03410773EF}
	EndGlobalSection
EndGlobal
